# This file is autogenerated, do not edit; changes may be undone by the next 'dep ensure'.


[[projects]]
  branch = "master"
  name = "git.apache.org/thrift.git"
  packages = ["lib/go/thrift"]
  revision = "88591e32e710a0524327153c8b629d5b461e35e0"
  source = "github.com/apache/thrift"

[[projects]]
  name = "github.com/PuerkitoBio/goquery"
  packages = ["."]
  revision = "a86ea073017a6beddef78c8659e7224e8ca634b0"
  version = "v1.4.0"

[[projects]]
  name = "github.com/andybalholm/cascadia"
  packages = ["."]
  revision = "901648c87902174f774fac311d7f176f8647bdaa"
  version = "v1.0.0"

[[projects]]
  branch = "master"
  name = "github.com/beorn7/perks"
  packages = ["quantile"]
  revision = "3a771d992973f24aa725d07868b467d1ddfceafb"

[[projects]]
  name = "github.com/clbanning/mxj"
  packages = ["."]
  revision = "1f00e0bf9bacd7ea9c93d27594d1d1f5a41bac36"
  version = "v1.8"

[[projects]]
  name = "github.com/coreos/etcd"
  packages = [
    "client",
    "pkg/pathutil",
    "pkg/srv",
    "pkg/types",
    "version"
  ]
  revision = "7e79c257cab156a511315b5e3459b4f88ecfe622"

[[projects]]
  name = "github.com/coreos/go-semver"
  packages = ["semver"]
  revision = "8ab6407b697782a06568d4b7f1db25550ec2e4c6"
  version = "v0.2.0"

[[projects]]
  branch = "0.5-dev"
  name = "github.com/devopsfaith/krakend"
  packages = [
    "config",
    "core",
    "encoding",
    "logging",
    "proxy",
    "register",
    "register/internal",
    "router",
    "router/gin",
    "router/mux",
    "sd",
    "sd/dnssrv"
  ]
  revision = "ed0d73dcd173a5e34b9adb41db81217b32ea8bfd"

[[projects]]
  branch = "master"
  name = "github.com/devopsfaith/krakend-circuitbreaker"
  packages = [
    "gobreaker",
    "gobreaker/proxy"
  ]
  revision = "57a815c709e31a77f3e2c49811f5780518ac56aa"

[[projects]]
  branch = "master"
  name = "github.com/devopsfaith/krakend-cobra"
  packages = ["."]
  revision = "38d113ba86e99af08dbf4b1e9e510f522fc5d56e"

[[projects]]
  branch = "master"
  name = "github.com/devopsfaith/krakend-etcd"
  packages = ["."]
  revision = "bd645943ff8ce2135252caafa42abc34f2c14a7d"

[[projects]]
  branch = "master"
  name = "github.com/devopsfaith/krakend-flexibleconfig"
  packages = ["."]
  revision = "1c8c8897842abec29842d5669c4abdc84e6398be"

[[projects]]
  branch = "master"
  name = "github.com/devopsfaith/krakend-gologging"
  packages = ["."]
  revision = "96e1a9d5f586cac9b6ddb5de999527d64630181c"

[[projects]]
  branch = "master"
  name = "github.com/devopsfaith/krakend-httpcache"
  packages = ["."]
  revision = "762918c1ba75c6fa59362d2040833f295e98fd4a"

[[projects]]
  branch = "master"
  name = "github.com/devopsfaith/krakend-httpsecure"
  packages = [
    ".",
    "gin"
  ]
  revision = "c590f70c35150efc501b22e919b43b9866632de9"

[[projects]]
  branch = "master"
  name = "github.com/devopsfaith/krakend-martian"
  packages = ["."]
  revision = "2757b21be9ac45e04bebee8feb7481f695d62b79"

[[projects]]
  branch = "0.5-dev"
  name = "github.com/devopsfaith/krakend-metrics"
  packages = [
    ".",
    "gin",
    "mux"
  ]
  revision = "96c245e74ec40ba0f3bcef9d386e042c793c44fc"

[[projects]]
  branch = "master"
  name = "github.com/devopsfaith/krakend-oauth2-clientcredentials"
  packages = ["."]
  revision = "401bac10b674c03508691b701fd6719e3e71ca4a"

[[projects]]
  branch = "master"
  name = "github.com/devopsfaith/krakend-opencensus"
  packages = [
    ".",
    "exporter/influxdb",
    "exporter/jaeger",
    "exporter/prometheus",
    "exporter/zipkin",
    "router/gin"
  ]
  revision = "e8bd6c9fc4af12f58bd9b520184526b2ea152c94"

[[projects]]
  branch = "master"
  name = "github.com/devopsfaith/krakend-ratelimit"
  packages = [
    ".",
    "juju",
    "juju/proxy",
    "juju/router",
    "juju/router/gin"
  ]
  revision = "407bf6926e70a985ee6b21a7bbcc2260b5c3c41a"

[[projects]]
  name = "github.com/devopsfaith/krakend-rss"
  packages = ["."]
  revision = "4c18c62a99ee830ab298ea422ba8568c7bcf7951"
  version = "0.5.0"

[[projects]]
  branch = "master"
  name = "github.com/devopsfaith/krakend-viper"
  packages = ["."]
  revision = "3abc4134a773578643b46aa11431f72cc6d41e8a"

[[projects]]
  name = "github.com/devopsfaith/krakend-xml"
  packages = ["."]
  revision = "5ce94062a4cccce87e791e86272c9d95512529d4"
  version = "0.5.0"

[[projects]]
  name = "github.com/fsnotify/fsnotify"
  packages = ["."]
  revision = "629574ca2a5df945712d3079857300b5e4da0236"
  version = "v1.4.2"

[[projects]]
  branch = "master"
  name = "github.com/gin-contrib/sse"
  packages = ["."]
  revision = "22d885f9ecc78bf4ee5d72b937e4bbcdc58e8cae"

[[projects]]
  name = "github.com/gin-gonic/gin"
  packages = [
    ".",
    "binding",
    "render"
  ]
  revision = "d459835d2b077e44f7c9b453505ee29881d5d12d"
  version = "v1.2"

[[projects]]
  branch = "master"
  name = "github.com/golang/protobuf"
  packages = ["proto"]
  revision = "1e59b77b52bf8e4b449a57e6f79f21226d571845"

[[projects]]
  name = "github.com/google/martian"
  packages = [
    ".",
    "body",
    "fifo",
    "filter",
    "header",
    "log",
    "mitm",
    "parse",
    "proxyutil",
    "verify"
  ]
  revision = "140c935a5d0d15e2cdc24b1f58668f410497fc3c"

[[projects]]
  branch = "master"
  name = "github.com/gregjones/httpcache"
  packages = ["."]
  revision = "9cad4c3443a7200dd6400aef47183728de563a38"

[[projects]]
  branch = "master"
  name = "github.com/hashicorp/hcl"
  packages = [
    ".",
    "hcl/ast",
    "hcl/parser",
    "hcl/scanner",
    "hcl/strconv",
    "hcl/token",
    "json/parser",
    "json/scanner",
    "json/token"
  ]
  revision = "23c074d0eceb2b8a5bfdbb271ab780cde70f05a8"

[[projects]]
  name = "github.com/inconshreveable/mousetrap"
  packages = ["."]
  revision = "76626ae9c91c4f2a10f34cad8ce83ea42c93bb75"
  version = "v1.0"

[[projects]]
  name = "github.com/influxdata/influxdb"
  packages = [
    "client/v2",
    "models",
    "pkg/escape"
  ]
  revision = "02d7d4f043b34ecb4e9b2dbec298c6f9450c2a32"
  version = "v1.5.2"

[[projects]]
  branch = "master"
  name = "github.com/juju/ratelimit"
  packages = ["."]
  revision = "59fac5042749a5afb9af70e813da1dd5474f0167"

[[projects]]
  branch = "master"
  name = "github.com/kpacha/opencensus-influxdb"
  packages = ["."]
  revision = "1b490a38de4c5c98e0414e4676aba2e00c5cfd45"

[[projects]]
  branch = "master"
  name = "github.com/letgoapp/krakend-influx"
  packages = [
    ".",
    "counter",
    "gauge",
    "histogram"
  ]
  revision = "b87584e771c2debeb7f99310bbe0edb3d249fe5b"

[[projects]]
  name = "github.com/magiconair/properties"
  packages = ["."]
  revision = "be5ece7dd465ab0765a9682137865547526d1dfb"
  version = "v1.7.3"

[[projects]]
  name = "github.com/mattn/go-isatty"
  packages = ["."]
  revision = "0360b2af4f38e8d38c7fce2a9f4e702702d73a39"
  version = "v0.0.3"

[[projects]]
  name = "github.com/matttproud/golang_protobuf_extensions"
  packages = ["pbutil"]
  revision = "3247c84500bff8d9fb6d579d800f20b3e091582c"
  version = "v1.0.0"

[[projects]]
  branch = "master"
  name = "github.com/mitchellh/mapstructure"
  packages = ["."]
  revision = "06020f85339e21b2478f756a78e295255ffa4d6a"

[[projects]]
  name = "github.com/mmcdole/gofeed"
  packages = [
    ".",
    "atom",
    "extensions",
    "internal/shared",
    "rss"
  ]
  revision = "42010a154d249f5f753dfe03a6390b59671e403e"
  version = "v1.0.0-beta2"

[[projects]]
  branch = "master"
  name = "github.com/mmcdole/goxpp"
  packages = ["."]
  revision = "77e4a51a73ed99ee3f33c1474dc166866304acbd"

[[projects]]
  name = "github.com/op/go-logging"
  packages = ["."]
  revision = "970db520ece77730c7e4724c61121037378659d9"

[[projects]]
  name = "github.com/openzipkin/zipkin-go"
  packages = [
    "model",
    "reporter",
    "reporter/http"
  ]
  revision = "f197ec29e729f226d23370ea60f0e49b8f44ccf4"
  version = "v0.1.0"

[[projects]]
  name = "github.com/pelletier/go-toml"
  packages = ["."]
  revision = "16398bac157da96aa88f98a2df640c7f32af1da2"
  version = "v1.0.1"

[[projects]]
  name = "github.com/prometheus/client_golang"
  packages = [
    "prometheus",
    "prometheus/promhttp"
  ]
  revision = "c5b7fccd204277076155f10851dad72b76a49317"
  version = "v0.8.0"

[[projects]]
  branch = "master"
  name = "github.com/prometheus/client_model"
  packages = ["go"]
  revision = "99fa1f4be8e564e8a6b613da7fa6f46c9edafc6c"

[[projects]]
  branch = "master"
  name = "github.com/prometheus/common"
  packages = [
    "expfmt",
    "internal/bitbucket.org/ww/goautoneg",
    "model"
  ]
  revision = "7600349dcfe1abd18d72d3a1770870d9800a7801"

[[projects]]
  branch = "master"
  name = "github.com/prometheus/procfs"
  packages = [
    ".",
    "internal/util",
    "nfs",
    "xfs"
  ]
  revision = "8b1c2da0d56deffdbb9e48d4414b4e674bd8083e"

[[projects]]
  branch = "master"
  name = "github.com/rcrowley/go-metrics"
  packages = [
    ".",
    "exp"
  ]
  revision = "e181e095bae94582363434144c61a9653aff6e50"

[[projects]]
  name = "github.com/sony/gobreaker"
  packages = ["."]
  revision = "e9556a45379ef1da12e54847edb2fb3d7d566f36"
  version = "0.3.0"

[[projects]]
  name = "github.com/spf13/afero"
  packages = [
    ".",
    "mem"
  ]
  revision = "8d919cbe7e2627e417f3e45c3c0e489a5b7e2536"
  version = "v1.0.0"

[[projects]]
  name = "github.com/spf13/cast"
  packages = ["."]
  revision = "acbeb36b902d72a7a4c18e8f3241075e7ab763e4"
  version = "v1.1.0"

[[projects]]
  name = "github.com/spf13/cobra"
  packages = ["."]
  revision = "7b2c5ac9fc04fc5efafb60700713d4fa609b777b"
  version = "v0.0.1"

[[projects]]
  branch = "master"
  name = "github.com/spf13/jwalterweatherman"
  packages = ["."]
  revision = "12bd96e66386c1960ab0f74ced1362f66f552f7b"

[[projects]]
  name = "github.com/spf13/pflag"
  packages = ["."]
  revision = "e57e3eeb33f795204c1ca35f56c44f83227c6e66"
  version = "v1.0.0"

[[projects]]
  name = "github.com/spf13/viper"
  packages = ["."]
  revision = "25b30aa063fc18e48662b86996252eabdcf2f0c7"
  version = "v1.0.0"

[[projects]]
  branch = "master"
  name = "github.com/ugorji/go"
  packages = ["codec"]
  revision = "f0aa215a7d653544d39d0e27dfa10fa4b183f397"

[[projects]]
  branch = "master"
  name = "github.com/unrolled/secure"
  packages = ["."]
  revision = "0f73fc7feba662a2ad5ff887fe203af08f8f8716"

[[projects]]
  branch = "master"
  name = "go.opencensus.io"
  packages = [
    "exporter/jaeger",
    "exporter/jaeger/internal/gen-go/jaeger",
    "exporter/prometheus",
    "exporter/zipkin",
    "internal",
    "internal/tagencoding",
    "plugin/ochttp",
    "plugin/ochttp/propagation/b3",
    "stats",
    "stats/internal",
    "stats/view",
    "tag",
    "trace",
    "trace/internal",
    "trace/propagation"
  ]
  revision = "ebd8d31470fedf6c27d0e3056653ddff642509b8"

[[projects]]
  branch = "master"
  name = "golang.org/x/net"
  packages = [
    "context",
    "context/ctxhttp",
    "html",
    "html/atom",
    "html/charset"
  ]
  revision = "a8b9294777976932365dabb6640cf1468d95c70f"

[[projects]]
  branch = "master"
  name = "golang.org/x/oauth2"
  packages = [
    ".",
    "clientcredentials",
    "internal"
  ]
  revision = "2f32c3ac0fa4fb807a0fcefb0b6f2468a0d99bd0"

[[projects]]
  branch = "master"
  name = "golang.org/x/sync"
  packages = ["semaphore"]
  revision = "1d60e4601c6fd243af51cc01ddf169918a5407ca"

[[projects]]
  branch = "master"
  name = "golang.org/x/sys"
  packages = ["unix"]
  revision = "8b4580aae2a0dd0c231a45d3ccb8434ff533b840"

[[projects]]
  branch = "master"
  name = "golang.org/x/text"
  packages = [
    "encoding",
    "encoding/charmap",
    "encoding/htmlindex",
    "encoding/internal",
    "encoding/internal/identifier",
    "encoding/japanese",
    "encoding/korean",
    "encoding/simplifiedchinese",
    "encoding/traditionalchinese",
    "encoding/unicode",
    "internal/gen",
    "internal/tag",
    "internal/triegen",
    "internal/ucd",
    "internal/utf8internal",
    "language",
    "runes",
    "transform",
    "unicode/cldr",
    "unicode/norm"
  ]
  revision = "75cc3cad82b5f47d3fb229ddda8c5167da14f294"

[[projects]]
  branch = "master"
  name = "google.golang.org/api"
  packages = ["support/bundler"]
  revision = "4f7dd2b006a4ffd9fd683c1c734d2fe91ca0ea1c"

[[projects]]
  name = "google.golang.org/appengine"
  packages = [
    "internal",
    "internal/base",
    "internal/datastore",
    "internal/log",
    "internal/remote_api",
    "internal/urlfetch",
    "urlfetch"
  ]
  revision = "150dc57a1b433e64154302bdc40b6bb8aefa313a"
  version = "v1.0.0"

[[projects]]
  name = "gopkg.in/go-playground/validator.v8"
  packages = ["."]
  revision = "5f1438d3fca68893a817e4a66806cea46a9e4ebf"
  version = "v8.18.2"

[[projects]]
  branch = "v2"
  name = "gopkg.in/yaml.v2"
  packages = ["."]
  revision = "287cf08546ab5e7e37d55a84f7ed3fd1db036de5"

[solve-meta]
  analyzer-name = "dep"
  analyzer-version = 1
  inputs-digest = "41fa7cb652a49cd55fe6c1fb1a645fa8d5f629c9eac7f3a9b6a00b10fca5ea94"
  solver-name = "gps-cdcl"
  solver-version = 1
